
Microsoft Visual Studio Solution File, Format Version 12.00
# Visual Studio Version 17
VisualStudioVersion = 17.9.34902.65
MinimumVisualStudioVersion = 10.0.40219.1
Project("{FAE04EC0-301F-11D3-BF4B-00C04F79EFBC}") = "SalesWebMvc", "SalesWebMvc\SalesWebMvc.csproj", "{319C88CE-31D9-4130-8A54-BFCBBCBA75F7}"
EndProject
Global
	GlobalSection(SolutionConfigurationPlatforms) = preSolution
		Debug|Any CPU = Debug|Any CPU
		Release|Any CPU = Release|Any CPU
	EndGlobalSection
	GlobalSection(ProjectConfigurationPlatforms) = postSolution
		{319C88CE-31D9-4130-8A54-BFCBBCBA75F7}.Debug|Any CPU.ActiveCfg = Debug|Any CPU
		{319C88CE-31D9-4130-8A54-BFCBBCBA75F7}.Debug|Any CPU.Build.0 = Debug|Any CPU
		{319C88CE-31D9-4130-8A54-BFCBBCBA75F7}.Release|Any CPU.ActiveCfg = Release|Any CPU
		{319C88CE-31D9-4130-8A54-BFCBBCBA75F7}.Release|Any CPU.Build.0 = Release|Any CPU
	EndGlobalSection
	GlobalSection(SolutionProperties) = preSolution
		HideSolutionNode = FALSE
	EndGlobalSection
	GlobalSection(ExtensibilityGlobals) = postSolution
		SolutionGuid = {EB7E471B-1FF6-469F-AFE9-0D72C7DFA56F}
	EndGlobalSection
EndGlobal
